// !$*UTF8*$!
{
	archiveVersion = 1;
	classes = {
	};
	objectVersion = 56;
	objects = {

/* Begin PBXBuildFile section */
		0CCEE6B172BCA92ADE36F6E8 /* Pods_DynamicWallpaper.framework in Frameworks */ = {isa = PBXBuildFile; fileRef = 554D3CDA5FB83E8E6E4F0FE9 /* Pods_DynamicWallpaper.framework */; };
		AE3283B229370C4B008A1E46 /* DynamicWallpaperApp.swift in Sources */ = {isa = PBXBuildFile; fileRef = AE3283B129370C4B008A1E46 /* DynamicWallpaperApp.swift */; };
		AE3283B429370C4B008A1E46 /* SettingsView.swift in Sources */ = {isa = PBXBuildFile; fileRef = AE3283B329370C4B008A1E46 /* SettingsView.swift */; };
		AE3283B629370C4C008A1E46 /* Assets.xcassets in Resources */ = {isa = PBXBuildFile; fileRef = AE3283B529370C4C008A1E46 /* Assets.xcassets */; };
		AE3283B929370C4C008A1E46 /* Preview Assets.xcassets in Resources */ = {isa = PBXBuildFile; fileRef = AE3283B829370C4C008A1E46 /* Preview Assets.xcassets */; };
		BC588065122AC5075A618FE6 /* WebView.swift in Sources */ = {isa = PBXBuildFile; fileRef = BC5889484685012C4A207E85 /* WebView.swift */; };
		BC5882BE4329AA61E457E5D2 /* Position.swift in Sources */ = {isa = PBXBuildFile; fileRef = BC588435A413E9BE0FFD4581 /* Position.swift */; };
		BC58845EB49DE322CCA84F67 /* Wallpaper.swift in Sources */ = {isa = PBXBuildFile; fileRef = BC588FF84C029DF29199DD6C /* Wallpaper.swift */; };
		BC58868D34842C5A356509C6 /* WallpaperView.swift in Sources */ = {isa = PBXBuildFile; fileRef = BC588601108DA861C59A2727 /* WallpaperView.swift */; };
		BC588CE5F6096962A9E92B24 /* WallpaperStore.swift in Sources */ = {isa = PBXBuildFile; fileRef = BC5886737D58306E03335DDA /* WallpaperStore.swift */; };
/* End PBXBuildFile section */

/* Begin PBXFileReference section */
		554D3CDA5FB83E8E6E4F0FE9 /* Pods_DynamicWallpaper.framework */ = {isa = PBXFileReference; explicitFileType = wrapper.framework; includeInIndex = 0; path = Pods_DynamicWallpaper.framework; sourceTree = BUILT_PRODUCTS_DIR; };
		7564613BE8BA72570880505C /* Pods-DynamicWallpaper.debug.xcconfig */ = {isa = PBXFileReference; includeInIndex = 1; lastKnownFileType = text.xcconfig; name = "Pods-DynamicWallpaper.debug.xcconfig"; path = "Target Support Files/Pods-DynamicWallpaper/Pods-DynamicWallpaper.debug.xcconfig"; sourceTree = "<group>"; };
		AE3283AE29370C4B008A1E46 /* DynamicWallpaper.app */ = {isa = PBXFileReference; explicitFileType = wrapper.application; includeInIndex = 0; path = DynamicWallpaper.app; sourceTree = BUILT_PRODUCTS_DIR; };
		AE3283B129370C4B008A1E46 /* DynamicWallpaperApp.swift */ = {isa = PBXFileReference; lastKnownFileType = sourcecode.swift; path = DynamicWallpaperApp.swift; sourceTree = "<group>"; };
		AE3283B329370C4B008A1E46 /* SettingsView.swift */ = {isa = PBXFileReference; lastKnownFileType = sourcecode.swift; path = SettingsView.swift; sourceTree = "<group>"; };
		AE3283B529370C4C008A1E46 /* Assets.xcassets */ = {isa = PBXFileReference; lastKnownFileType = folder.assetcatalog; path = Assets.xcassets; sourceTree = "<group>"; };
		AE3283B829370C4C008A1E46 /* Preview Assets.xcassets */ = {isa = PBXFileReference; lastKnownFileType = folder.assetcatalog; path = "Preview Assets.xcassets"; sourceTree = "<group>"; };
		AE3283BA29370C4C008A1E46 /* DynamicWallpaper.entitlements */ = {isa = PBXFileReference; lastKnownFileType = text.plist.entitlements; path = DynamicWallpaper.entitlements; sourceTree = "<group>"; };
		BC588435A413E9BE0FFD4581 /* Position.swift */ = {isa = PBXFileReference; fileEncoding = 4; lastKnownFileType = sourcecode.swift; path = Position.swift; sourceTree = "<group>"; };
		BC588601108DA861C59A2727 /* WallpaperView.swift */ = {isa = PBXFileReference; fileEncoding = 4; lastKnownFileType = sourcecode.swift; path = WallpaperView.swift; sourceTree = "<group>"; };
		BC5886737D58306E03335DDA /* WallpaperStore.swift */ = {isa = PBXFileReference; fileEncoding = 4; lastKnownFileType = sourcecode.swift; path = WallpaperStore.swift; sourceTree = "<group>"; };
		BC5889484685012C4A207E85 /* WebView.swift */ = {isa = PBXFileReference; fileEncoding = 4; lastKnownFileType = sourcecode.swift; path = WebView.swift; sourceTree = "<group>"; };
		BC588FF84C029DF29199DD6C /* Wallpaper.swift */ = {isa = PBXFileReference; fileEncoding = 4; lastKnownFileType = sourcecode.swift; path = Wallpaper.swift; sourceTree = "<group>"; };
		F059E632F7E00F9CAE980F4B /* Pods-DynamicWallpaper.release.xcconfig */ = {isa = PBXFileReference; includeInIndex = 1; lastKnownFileType = text.xcconfig; name = "Pods-DynamicWallpaper.release.xcconfig"; path = "Target Support Files/Pods-DynamicWallpaper/Pods-DynamicWallpaper.release.xcconfig"; sourceTree = "<group>"; };
/* End PBXFileReference section */

/* Begin PBXFrameworksBuildPhase section */
		AE3283AB29370C4B008A1E46 /* Frameworks */ = {
			isa = PBXFrameworksBuildPhase;
			buildActionMask = 2147483647;
			files = (
				0CCEE6B172BCA92ADE36F6E8 /* Pods_DynamicWallpaper.framework in Frameworks */,
			);
			runOnlyForDeploymentPostprocessing = 0;
		};
/* End PBXFrameworksBuildPhase section */

/* Begin PBXGroup section */
		AB50EAAF60BDFC96D93EB887 /* Pods */ = {
			isa = PBXGroup;
			children = (
				7564613BE8BA72570880505C /* Pods-DynamicWallpaper.debug.xcconfig */,
				F059E632F7E00F9CAE980F4B /* Pods-DynamicWallpaper.release.xcconfig */,
			);
			path = Pods;
			sourceTree = "<group>";
		};
		AE3283A529370C4B008A1E46 = {
			isa = PBXGroup;
			children = (
				AE3283B029370C4B008A1E46 /* DynamicWallpaper */,
				AE3283AF29370C4B008A1E46 /* Products */,
				AB50EAAF60BDFC96D93EB887 /* Pods */,
				DDF2AF29A897CD217DEDE867 /* Frameworks */,
			);
			sourceTree = "<group>";
		};
		AE3283AF29370C4B008A1E46 /* Products */ = {
			isa = PBXGroup;
			children = (
				AE3283AE29370C4B008A1E46 /* DynamicWallpaper.app */,
			);
			name = Products;
			sourceTree = "<group>";
		};
		AE3283B029370C4B008A1E46 /* DynamicWallpaper */ = {
			isa = PBXGroup;
			children = (
				AE3283B129370C4B008A1E46 /* DynamicWallpaperApp.swift */,
				AE3283B329370C4B008A1E46 /* SettingsView.swift */,
				AE3283B529370C4C008A1E46 /* Assets.xcassets */,
				AE3283BA29370C4C008A1E46 /* DynamicWallpaper.entitlements */,
				AE3283B729370C4C008A1E46 /* Preview Content */,
				BC588601108DA861C59A2727 /* WallpaperView.swift */,
				BC5889484685012C4A207E85 /* WebView.swift */,
				BC588FF84C029DF29199DD6C /* Wallpaper.swift */,
				BC588435A413E9BE0FFD4581 /* Position.swift */,
				BC5886737D58306E03335DDA /* WallpaperStore.swift */,
			);
			path = DynamicWallpaper;
			sourceTree = "<group>";
		};
		AE3283B729370C4C008A1E46 /* Preview Content */ = {
			isa = PBXGroup;
			children = (
				AE3283B829370C4C008A1E46 /* Preview Assets.xcassets */,
			);
			path = "Preview Content";
			sourceTree = "<group>";
		};
		DDF2AF29A897CD217DEDE867 /* Frameworks */ = {
			isa = PBXGroup;
			children = (
				554D3CDA5FB83E8E6E4F0FE9 /* Pods_DynamicWallpaper.framework */,
			);
			name = Frameworks;
			sourceTree = "<group>";
		};
/* End PBXGroup section */

/* Begin PBXNativeTarget section */
		AE3283AD29370C4B008A1E46 /* DynamicWallpaper */ = {
			isa = PBXNativeTarget;
			buildConfigurationList = AE3283BD29370C4C008A1E46 /* Build configuration list for PBXNativeTarget "DynamicWallpaper" */;
			buildPhases = (
				0DC818215AC3D82461FFA378 /* [CP] Check Pods Manifest.lock */,
				AE3283AA29370C4B008A1E46 /* Sources */,
				AE3283AB29370C4B008A1E46 /* Frameworks */,
				AE3283AC29370C4B008A1E46 /* Resources */,
			);
			buildRules = (
			);
			dependencies = (
			);
			name = DynamicWallpaper;
			productName = DynamicWallpaper;
			productReference = AE3283AE29370C4B008A1E46 /* DynamicWallpaper.app */;
			productType = "com.apple.product-type.application";
		};
/* End PBXNativeTarget section */

/* Begin PBXProject section */
		AE3283A629370C4B008A1E46 /* Project object */ = {
			isa = PBXProject;
			attributes = {
				BuildIndependentTargetsInParallel = 1;
				LastSwiftUpdateCheck = 1410;
				LastUpgradeCheck = 1410;
				TargetAttributes = {
					AE3283AD29370C4B008A1E46 = {
						CreatedOnToolsVersion = 14.1;
					};
				};
			};
			buildConfigurationList = AE3283A929370C4B008A1E46 /* Build configuration list for PBXProject "DynamicWallpaper" */;
			compatibilityVersion = "Xcode 14.0";
			developmentRegion = en;
			hasScannedForEncodings = 0;
			knownRegions = (
				en,
				Base,
			);
			mainGroup = AE3283A529370C4B008A1E46;
			productRefGroup = AE3283AF29370C4B008A1E46 /* Products */;
			projectDirPath = "";
			projectRoot = "";
			targets = (
				AE3283AD29370C4B008A1E46 /* DynamicWallpaper */,
			);
		};
/* End PBXProject section */

/* Begin PBXResourcesBuildPhase section */
		AE3283AC29370C4B008A1E46 /* Resources */ = {
			isa = PBXResourcesBuildPhase;
			buildActionMask = 2147483647;
			files = (
				AE3283B929370C4C008A1E46 /* Preview Assets.xcassets in Resources */,
				AE3283B629370C4C008A1E46 /* Assets.xcassets in Resources */,
			);
			runOnlyForDeploymentPostprocessing = 0;
		};
/* End PBXResourcesBuildPhase section */

/* Begin PBXShellScriptBuildPhase section */
		0DC818215AC3D82461FFA378 /* [CP] Check Pods Manifest.lock */ = {
			isa = PBXShellScriptBuildPhase;
			buildActionMask = 2147483647;
			files = (
			);
			inputFileListPaths = (
			);
			inputPaths = (
				"${PODS_PODFILE_DIR_PATH}/Podfile.lock",
				"${PODS_ROOT}/Manifest.lock",
			);
			name = "[CP] Check Pods Manifest.lock";
			outputFileListPaths = (
			);
			outputPaths = (
				"$(DERIVED_FILE_DIR)/Pods-DynamicWallpaper-checkManifestLockResult.txt",
			);
			runOnlyForDeploymentPostprocessing = 0;
			shellPath = /bin/sh;
			shellScript = "diff \"${PODS_PODFILE_DIR_PATH}/Podfile.lock\" \"${PODS_ROOT}/Manifest.lock\" > /dev/null\nif [ $? != 0 ] ; then\n    # print error to STDERR\n    echo \"error: The sandbox is not in sync with the Podfile.lock. Run 'pod install' or update your CocoaPods installation.\" >&2\n    exit 1\nfi\n# This output is used by Xcode 'outputs' to avoid re-running this script phase.\necho \"SUCCESS\" > \"${SCRIPT_OUTPUT_FILE_0}\"\n";
			showEnvVarsInLog = 0;
		};
/* End PBXShellScriptBuildPhase section */

/* Begin PBXSourcesBuildPhase section */
		AE3283AA29370C4B008A1E46 /* Sources */ = {
			isa = PBXSourcesBuildPhase;
			buildActionMask = 2147483647;
			files = (
				AE3283B429370C4B008A1E46 /* SettingsView.swift in Sources */,
				AE3283B229370C4B008A1E46 /* DynamicWallpaperApp.swift in Sources */,
				BC58868D34842C5A356509C6 /* WallpaperView.swift in Sources */,
				BC588065122AC5075A618FE6 /* WebView.swift in Sources */,
				BC58845EB49DE322CCA84F67 /* Wallpaper.swift in Sources */,
				BC5882BE4329AA61E457E5D2 /* Position.swift in Sources */,
				BC588CE5F6096962A9E92B24 /* WallpaperStore.swift in Sources */,
			);
			runOnlyForDeploymentPostprocessing = 0;
		};
/* End PBXSourcesBuildPhase section */

/* Begin XCBuildConfiguration section */
		AE3283BB29370C4C008A1E46 /* Debug */ = {
			isa = XCBuildConfiguration;
			buildSettings = {
				ALWAYS_SEARCH_USER_PATHS = NO;
				CLANG_ANALYZER_NONNULL = YES;
				CLANG_ANALYZER_NUMBER_OBJECT_CONVERSION = YES_AGGRESSIVE;
				CLANG_CXX_LANGUAGE_STANDARD = "gnu++20";
				CLANG_ENABLE_MODULES = YES;
				CLANG_ENABLE_OBJC_ARC = YES;
				CLANG_ENABLE_OBJC_WEAK = YES;
				CLANG_WARN_BLOCK_CAPTURE_AUTORELEASING = YES;
				CLANG_WARN_BOOL_CONVERSION = YES;
				CLANG_WARN_COMMA = YES;
				CLANG_WARN_CONSTANT_CONVERSION = YES;
				CLANG_WARN_DEPRECATED_OBJC_IMPLEMENTATIONS = YES;
				CLANG_WARN_DIRECT_OBJC_ISA_USAGE = YES_ERROR;
				CLANG_WARN_DOCUMENTATION_COMMENTS = YES;
				CLANG_WARN_EMPTY_BODY = YES;
				CLANG_WARN_ENUM_CONVERSION = YES;
				CLANG_WARN_INFINITE_RECURSION = YES;
				CLANG_WARN_INT_CONVERSION = YES;
				CLANG_WARN_NON_LITERAL_NULL_CONVERSION = YES;
				CLANG_WARN_OBJC_IMPLICIT_RETAIN_SELF = YES;
				CLANG_WARN_OBJC_LITERAL_CONVERSION = YES;
				CLANG_WARN_OBJC_ROOT_CLASS = YES_ERROR;
				CLANG_WARN_QUOTED_INCLUDE_IN_FRAMEWORK_HEADER = YES;
				CLANG_WARN_RANGE_LOOP_ANALYSIS = YES;
				CLANG_WARN_STRICT_PROTOTYPES = YES;
				CLANG_WARN_SUSPICIOUS_MOVE = YES;
				CLANG_WARN_UNGUARDED_AVAILABILITY = YES_AGGRESSIVE;
				CLANG_WARN_UNREACHABLE_CODE = YES;
				CLANG_WARN__DUPLICATE_METHOD_MATCH = YES;
				COPY_PHASE_STRIP = NO;
				DEBUG_INFORMATION_FORMAT = dwarf;
				ENABLE_STRICT_OBJC_MSGSEND = YES;
				ENABLE_TESTABILITY = YES;
				GCC_C_LANGUAGE_STANDARD = gnu11;
				GCC_DYNAMIC_NO_PIC = NO;
				GCC_NO_COMMON_BLOCKS = YES;
				GCC_OPTIMIZATION_LEVEL = 0;
				GCC_PREPROCESSOR_DEFINITIONS = (
					"DEBUG=1",
					"$(inherited)",
				);
				GCC_WARN_64_TO_32_BIT_CONVERSION = YES;
				GCC_WARN_ABOUT_RETURN_TYPE = YES_ERROR;
				GCC_WARN_UNDECLARED_SELECTOR = YES;
				GCC_WARN_UNINITIALIZED_AUTOS = YES_AGGRESSIVE;
				GCC_WARN_UNUSED_FUNCTION = YES;
				GCC_WARN_UNUSED_VARIABLE = YES;
				MACOSX_DEPLOYMENT_TARGET = 13.0;
				MTL_ENABLE_DEBUG_INFO = INCLUDE_SOURCE;
				MTL_FAST_MATH = YES;
				ONLY_ACTIVE_ARCH = YES;
				SDKROOT = macosx;
				SWIFT_ACTIVE_COMPILATION_CONDITIONS = DEBUG;
				SWIFT_OPTIMIZATION_LEVEL = "-Onone";
			};
			name = Debug;
		};
		AE3283BC29370C4C008A1E46 /* Release */ = {
			isa = XCBuildConfiguration;
			buildSettings = {
				ALWAYS_SEARCH_USER_PATHS = NO;
				CLANG_ANALYZER_NONNULL = YES;
				CLANG_ANALYZER_NUMBER_OBJECT_CONVERSION = YES_AGGRESSIVE;
				CLANG_CXX_LANGUAGE_STANDARD = "gnu++20";
				CLANG_ENABLE_MODULES = YES;
				CLANG_ENABLE_OBJC_ARC = YES;
				CLANG_ENABLE_OBJC_WEAK = YES;
				CLANG_WARN_BLOCK_CAPTURE_AUTORELEASING = YES;
				CLANG_WARN_BOOL_CONVERSION = YES;
				CLANG_WARN_COMMA = YES;
				CLANG_WARN_CONSTANT_CONVERSION = YES;
				CLANG_WARN_DEPRECATED_OBJC_IMPLEMENTATIONS = YES;
				CLANG_WARN_DIRECT_OBJC_ISA_USAGE = YES_ERROR;
				CLANG_WARN_DOCUMENTATION_COMMENTS = YES;
				CLANG_WARN_EMPTY_BODY = YES;
				CLANG_WARN_ENUM_CONVERSION = YES;
				CLANG_WARN_INFINITE_RECURSION = YES;
				CLANG_WARN_INT_CONVERSION = YES;
				CLANG_WARN_NON_LITERAL_NULL_CONVERSION = YES;
				CLANG_WARN_OBJC_IMPLICIT_RETAIN_SELF = YES;
				CLANG_WARN_OBJC_LITERAL_CONVERSION = YES;
				CLANG_WARN_OBJC_ROOT_CLASS = YES_ERROR;
				CLANG_WARN_QUOTED_INCLUDE_IN_FRAMEWORK_HEADER = YES;
				CLANG_WARN_RANGE_LOOP_ANALYSIS = YES;
				CLANG_WARN_STRICT_PROTOTYPES = YES;
				CLANG_WARN_SUSPICIOUS_MOVE = YES;
				CLANG_WARN_UNGUARDED_AVAILABILITY = YES_AGGRESSIVE;
				CLANG_WARN_UNREACHABLE_CODE = YES;
				CLANG_WARN__DUPLICATE_METHOD_MATCH = YES;
				COPY_PHASE_STRIP = NO;
				DEBUG_INFORMATION_FORMAT = "dwarf-with-dsym";
				ENABLE_NS_ASSERTIONS = NO;
				ENABLE_STRICT_OBJC_MSGSEND = YES;
				GCC_C_LANGUAGE_STANDARD = gnu11;
				GCC_NO_COMMON_BLOCKS = YES;
				GCC_WARN_64_TO_32_BIT_CONVERSION = YES;
				GCC_WARN_ABOUT_RETURN_TYPE = YES_ERROR;
				GCC_WARN_UNDECLARED_SELECTOR = YES;
				GCC_WARN_UNINITIALIZED_AUTOS = YES_AGGRESSIVE;
				GCC_WARN_UNUSED_FUNCTION = YES;
				GCC_WARN_UNUSED_VARIABLE = YES;
				MACOSX_DEPLOYMENT_TARGET = 13.0;
				MTL_ENABLE_DEBUG_INFO = NO;
				MTL_FAST_MATH = YES;
				SDKROOT = macosx;
				SWIFT_COMPILATION_MODE = wholemodule;
				SWIFT_OPTIMIZATION_LEVEL = "-O";
			};
			name = Release;
		};
		AE3283BE29370C4C008A1E46 /* Debug */ = {
			isa = XCBuildConfiguration;
			baseConfigurationReference = 7564613BE8BA72570880505C /* Pods-DynamicWallpaper.debug.xcconfig */;
			buildSettings = {
				ASSETCATALOG_COMPILER_APPICON_NAME = AppIcon;
				ASSETCATALOG_COMPILER_GLOBAL_ACCENT_COLOR_NAME = AccentColor;
				CODE_SIGN_ENTITLEMENTS = DynamicWallpaper/DynamicWallpaper.entitlements;
				CODE_SIGN_STYLE = Automatic;
				COMBINE_HIDPI_IMAGES = YES;
				CURRENT_PROJECT_VERSION = 1;
				DEVELOPMENT_ASSET_PATHS = "\"DynamicWallpaper/Preview Content\"";
				DEVELOPMENT_TEAM = Z8EHS2R828;
				ENABLE_HARDENED_RUNTIME = YES;
				ENABLE_PREVIEWS = YES;
				GENERATE_INFOPLIST_FILE = YES;
				INFOPLIST_KEY_LSUIElement = YES;
				INFOPLIST_KEY_NSHumanReadableCopyright = "";
				LD_RUNPATH_SEARCH_PATHS = (
					"$(inherited)",
					"@executable_path/../Frameworks",
				);
				MARKETING_VERSION = 1.0;
				PRODUCT_BUNDLE_IDENTIFIER = "com.ken109.dynamic-wallpaper";
				PRODUCT_NAME = "$(TARGET_NAME)";
				SWIFT_EMIT_LOC_STRINGS = YES;
				SWIFT_VERSION = 5.0;
			};
			name = Debug;
		};
		AE3283BF29370C4C008A1E46 /* Release */ = {
			isa = XCBuildConfiguration;
			baseConfigurationReference = F059E632F7E00F9CAE980F4B /* Pods-DynamicWallpaper.release.xcconfig */;
			buildSettings = {
				ASSETCATALOG_COMPILER_APPICON_NAME = AppIcon;
				ASSETCATALOG_COMPILER_GLOBAL_ACCENT_COLOR_NAME = AccentColor;
				CODE_SIGN_ENTITLEMENTS = DynamicWallpaper/DynamicWallpaper.entitlements;
				CODE_SIGN_STYLE = Automatic;
				COMBINE_HIDPI_IMAGES = YES;
				CURRENT_PROJECT_VERSION = 1;
				DEVELOPMENT_ASSET_PATHS = "\"DynamicWallpaper/Preview Content\"";
				DEVELOPMENT_TEAM = Z8EHS2R828;
				ENABLE_HARDENED_RUNTIME = YES;
				ENABLE_PREVIEWS = YES;
				GENERATE_INFOPLIST_FILE = YES;
				INFOPLIST_KEY_LSUIElement = YES;
				INFOPLIST_KEY_NSHumanReadableCopyright = "";
				LD_RUNPATH_SEARCH_PATHS = (
					"$(inherited)",
					"@executable_path/../Frameworks",
				);
				MARKETING_VERSION = 1.0;
				PRODUCT_BUNDLE_IDENTIFIER = "com.ken109.dynamic-wallpaper";
				PRODUCT_NAME = "$(TARGET_NAME)";
				SWIFT_EMIT_LOC_STRINGS = YES;
				SWIFT_VERSION = 5.0;
			};
			name = Release;
		};
/* End XCBuildConfiguration section */

/* Begin XCConfigurationList section */
		AE3283A929370C4B008A1E46 /* Build configuration list for PBXProject "DynamicWallpaper" */ = {
			isa = XCConfigurationList;
			buildConfigurations = (
				AE3283BB29370C4C008A1E46 /* Debug */,
				AE3283BC29370C4C008A1E46 /* Release */,
			);
			defaultConfigurationIsVisible = 0;
			defaultConfigurationName = Release;
		};
		AE3283BD29370C4C008A1E46 /* Build configuration list for PBXNativeTarget "DynamicWallpaper" */ = {
			isa = XCConfigurationList;
			buildConfigurations = (
				AE3283BE29370C4C008A1E46 /* Debug */,
				AE3283BF29370C4C008A1E46 /* Release */,
			);
			defaultConfigurationIsVisible = 0;
			defaultConfigurationName = Release;
		};
/* End XCConfigurationList section */
	};
	rootObject = AE3283A629370C4B008A1E46 /* Project object */;
}
