<?xml version="1.0" encoding="UTF-8"?>
<Scheme
   version = "1.3">
   <BuildAction>
      <BuildActionEntries>
         <BuildActionEntry
            buildForRunning = "YES">
            <BuildableReference
               BuildableIdentifier = "primary"
               BlueprintIdentifier = "AE3283AD29370C4B008A1E46"
               BuildableName = "DynamicWallpaper.app"
               BlueprintName = "DynamicWallpaper"
               ReferencedContainer = "container:DynamicWallpaper.xcodeproj">
            </BuildableReference>
         </BuildActionEntry>
      </BuildActionEntries>
   </BuildAction>
   <LaunchAction
      useCustomWorkingDirectory = "NO"
      buildConfiguration = "Debug"
      allowLocationSimulation = "YES">
      <BuildableProductRunnable>
         <BuildableReference
            BuildableIdentifier = "primary"
            BlueprintIdentifier = "AE3283AD29370C4B008A1E46"
            BuildableName = "DynamicWallpaper.app"
            BlueprintName = "DynamicWallpaper"
            ReferencedContainer = "container:DynamicWallpaper.xcodeproj">
         </BuildableReference>
      </BuildableProductRunnable>
   </LaunchAction>
</Scheme>
